
Microsoft Visual Studio Solution File, Format Version 12.00
# Visual Studio Version 16
VisualStudioVersion = 16.6.30114.105
MinimumVisualStudioVersion = 10.0.40219.1
Project("{FAE04EC0-301F-11D3-BF4B-00C04F79EFBC}") = "API", "API\API.csproj", "{76A5E49F-0B9E-4F86-A920-9BFF53F3A84B}"
EndProject
Project("{FAE04EC0-301F-11D3-BF4B-00C04F79EFBC}") = "Application", "Application\Application.csproj", "{8E2634A5-6B61-4713-AF5B-F2B1E123229D}"
EndProject
Project("{FAE04EC0-301F-11D3-BF4B-00C04F79EFBC}") = "Domain", "Domain\Domain.csproj", "{07D64629-E859-4A0F-B639-2B5D2ECADAA2}"
EndProject
Project("{FAE04EC0-301F-11D3-BF4B-00C04F79EFBC}") = "Persistence", "Persistence\Persistence.csproj", "{0A161541-1D2B-4D48-A7FC-B4816F45B0CA}"
EndProject
Global
	GlobalSection(SolutionConfigurationPlatforms) = preSolution
		Debug|Any CPU = Debug|Any CPU
		Debug|x64 = Debug|x64
		Debug|x86 = Debug|x86
		Release|Any CPU = Release|Any CPU
		Release|x64 = Release|x64
		Release|x86 = Release|x86
	EndGlobalSection
	GlobalSection(SolutionProperties) = preSolution
		HideSolutionNode = FALSE
	EndGlobalSection
	GlobalSection(ProjectConfigurationPlatforms) = postSolution
		{76A5E49F-0B9E-4F86-A920-9BFF53F3A84B}.Debug|Any CPU.ActiveCfg = Debug|Any CPU
		{76A5E49F-0B9E-4F86-A920-9BFF53F3A84B}.Debug|Any CPU.Build.0 = Debug|Any CPU
		{76A5E49F-0B9E-4F86-A920-9BFF53F3A84B}.Debug|x64.ActiveCfg = Debug|Any CPU
		{76A5E49F-0B9E-4F86-A920-9BFF53F3A84B}.Debug|x64.Build.0 = Debug|Any CPU
		{76A5E49F-0B9E-4F86-A920-9BFF53F3A84B}.Debug|x86.ActiveCfg = Debug|Any CPU
		{76A5E49F-0B9E-4F86-A920-9BFF53F3A84B}.Debug|x86.Build.0 = Debug|Any CPU
		{76A5E49F-0B9E-4F86-A920-9BFF53F3A84B}.Release|Any CPU.ActiveCfg = Release|Any CPU
		{76A5E49F-0B9E-4F86-A920-9BFF53F3A84B}.Release|Any CPU.Build.0 = Release|Any CPU
		{76A5E49F-0B9E-4F86-A920-9BFF53F3A84B}.Release|x64.ActiveCfg = Release|Any CPU
		{76A5E49F-0B9E-4F86-A920-9BFF53F3A84B}.Release|x64.Build.0 = Release|Any CPU
		{76A5E49F-0B9E-4F86-A920-9BFF53F3A84B}.Release|x86.ActiveCfg = Release|Any CPU
		{76A5E49F-0B9E-4F86-A920-9BFF53F3A84B}.Release|x86.Build.0 = Release|Any CPU
		{8E2634A5-6B61-4713-AF5B-F2B1E123229D}.Debug|Any CPU.ActiveCfg = Debug|Any CPU
		{8E2634A5-6B61-4713-AF5B-F2B1E123229D}.Debug|Any CPU.Build.0 = Debug|Any CPU
		{8E2634A5-6B61-4713-AF5B-F2B1E123229D}.Debug|x64.ActiveCfg = Debug|Any CPU
		{8E2634A5-6B61-4713-AF5B-F2B1E123229D}.Debug|x64.Build.0 = Debug|Any CPU
		{8E2634A5-6B61-4713-AF5B-F2B1E123229D}.Debug|x86.ActiveCfg = Debug|Any CPU
		{8E2634A5-6B61-4713-AF5B-F2B1E123229D}.Debug|x86.Build.0 = Debug|Any CPU
		{8E2634A5-6B61-4713-AF5B-F2B1E123229D}.Release|Any CPU.ActiveCfg = Release|Any CPU
		{8E2634A5-6B61-4713-AF5B-F2B1E123229D}.Release|Any CPU.Build.0 = Release|Any CPU
		{8E2634A5-6B61-4713-AF5B-F2B1E123229D}.Release|x64.ActiveCfg = Release|Any CPU
		{8E2634A5-6B61-4713-AF5B-F2B1E123229D}.Release|x64.Build.0 = Release|Any CPU
		{8E2634A5-6B61-4713-AF5B-F2B1E123229D}.Release|x86.ActiveCfg = Release|Any CPU
		{8E2634A5-6B61-4713-AF5B-F2B1E123229D}.Release|x86.Build.0 = Release|Any CPU
		{07D64629-E859-4A0F-B639-2B5D2ECADAA2}.Debug|Any CPU.ActiveCfg = Debug|Any CPU
		{07D64629-E859-4A0F-B639-2B5D2ECADAA2}.Debug|Any CPU.Build.0 = Debug|Any CPU
		{07D64629-E859-4A0F-B639-2B5D2ECADAA2}.Debug|x64.ActiveCfg = Debug|Any CPU
		{07D64629-E859-4A0F-B639-2B5D2ECADAA2}.Debug|x64.Build.0 = Debug|Any CPU
		{07D64629-E859-4A0F-B639-2B5D2ECADAA2}.Debug|x86.ActiveCfg = Debug|Any CPU
		{07D64629-E859-4A0F-B639-2B5D2ECADAA2}.Debug|x86.Build.0 = Debug|Any CPU
		{07D64629-E859-4A0F-B639-2B5D2ECADAA2}.Release|Any CPU.ActiveCfg = Release|Any CPU
		{07D64629-E859-4A0F-B639-2B5D2ECADAA2}.Release|Any CPU.Build.0 = Release|Any CPU
		{07D64629-E859-4A0F-B639-2B5D2ECADAA2}.Release|x64.ActiveCfg = Release|Any CPU
		{07D64629-E859-4A0F-B639-2B5D2ECADAA2}.Release|x64.Build.0 = Release|Any CPU
		{07D64629-E859-4A0F-B639-2B5D2ECADAA2}.Release|x86.ActiveCfg = Release|Any CPU
		{07D64629-E859-4A0F-B639-2B5D2ECADAA2}.Release|x86.Build.0 = Release|Any CPU
		{0A161541-1D2B-4D48-A7FC-B4816F45B0CA}.Debug|Any CPU.ActiveCfg = Debug|Any CPU
		{0A161541-1D2B-4D48-A7FC-B4816F45B0CA}.Debug|Any CPU.Build.0 = Debug|Any CPU
		{0A161541-1D2B-4D48-A7FC-B4816F45B0CA}.Debug|x64.ActiveCfg = Debug|Any CPU
		{0A161541-1D2B-4D48-A7FC-B4816F45B0CA}.Debug|x64.Build.0 = Debug|Any CPU
		{0A161541-1D2B-4D48-A7FC-B4816F45B0CA}.Debug|x86.ActiveCfg = Debug|Any CPU
		{0A161541-1D2B-4D48-A7FC-B4816F45B0CA}.Debug|x86.Build.0 = Debug|Any CPU
		{0A161541-1D2B-4D48-A7FC-B4816F45B0CA}.Release|Any CPU.ActiveCfg = Release|Any CPU
		{0A161541-1D2B-4D48-A7FC-B4816F45B0CA}.Release|Any CPU.Build.0 = Release|Any CPU
		{0A161541-1D2B-4D48-A7FC-B4816F45B0CA}.Release|x64.ActiveCfg = Release|Any CPU
		{0A161541-1D2B-4D48-A7FC-B4816F45B0CA}.Release|x64.Build.0 = Release|Any CPU
		{0A161541-1D2B-4D48-A7FC-B4816F45B0CA}.Release|x86.ActiveCfg = Release|Any CPU
		{0A161541-1D2B-4D48-A7FC-B4816F45B0CA}.Release|x86.Build.0 = Release|Any CPU
	EndGlobalSection
EndGlobal
